
Microsoft Visual Studio Solution File, Format Version 12.00
# Visual Studio 15
VisualStudioVersion = 15.0.28010.2046
MinimumVisualStudioVersion = 10.0.40219.1
Project("{FAE04EC0-301F-11D3-BF4B-00C04F79EFBC}") = "TourZone", "TourZone\TourZone.csproj", "{E4736077-9E2A-44D1-AC56-8D8C2ED8DB69}"
EndProject
Project("{FAE04EC0-301F-11D3-BF4B-00C04F79EFBC}") = "DBLibrary", "DBLibrary\DBLibrary.csproj", "{B33C937A-18B3-4F6E-BC30-13A03FBD6786}"
EndProject
Project("{FAE04EC0-301F-11D3-BF4B-00C04F79EFBC}") = "DBLibrary.Tests", "DBLibrary.Tests\DBLibrary.Tests.csproj", "{EC25A8FA-3565-4B1D-906C-D6B4E71242B5}"
EndProject
Global
	GlobalSection(SolutionConfigurationPlatforms) = preSolution
		Debug|Any CPU = Debug|Any CPU
		Release|Any CPU = Release|Any CPU
	EndGlobalSection
	GlobalSection(ProjectConfigurationPlatforms) = postSolution
		{E4736077-9E2A-44D1-AC56-8D8C2ED8DB69}.Debug|Any CPU.ActiveCfg = Debug|Any CPU
		{E4736077-9E2A-44D1-AC56-8D8C2ED8DB69}.Debug|Any CPU.Build.0 = Debug|Any CPU
		{E4736077-9E2A-44D1-AC56-8D8C2ED8DB69}.Release|Any CPU.ActiveCfg = Release|Any CPU
		{E4736077-9E2A-44D1-AC56-8D8C2ED8DB69}.Release|Any CPU.Build.0 = Release|Any CPU
		{B33C937A-18B3-4F6E-BC30-13A03FBD6786}.Debug|Any CPU.ActiveCfg = Debug|Any CPU
		{B33C937A-18B3-4F6E-BC30-13A03FBD6786}.Debug|Any CPU.Build.0 = Debug|Any CPU
		{B33C937A-18B3-4F6E-BC30-13A03FBD6786}.Release|Any CPU.ActiveCfg = Release|Any CPU
		{B33C937A-18B3-4F6E-BC30-13A03FBD6786}.Release|Any CPU.Build.0 = Release|Any CPU
		{EC25A8FA-3565-4B1D-906C-D6B4E71242B5}.Debug|Any CPU.ActiveCfg = Debug|Any CPU
		{EC25A8FA-3565-4B1D-906C-D6B4E71242B5}.Debug|Any CPU.Build.0 = Debug|Any CPU
		{EC25A8FA-3565-4B1D-906C-D6B4E71242B5}.Release|Any CPU.ActiveCfg = Release|Any CPU
		{EC25A8FA-3565-4B1D-906C-D6B4E71242B5}.Release|Any CPU.Build.0 = Release|Any CPU
	EndGlobalSection
	GlobalSection(SolutionProperties) = preSolution
		HideSolutionNode = FALSE
	EndGlobalSection
	GlobalSection(ExtensibilityGlobals) = postSolution
		SolutionGuid = {A858AA03-82A7-4952-B97B-3C0292B3933C}
	EndGlobalSection
EndGlobal
